
Microsoft Visual Studio Solution File, Format Version 12.00
# Visual Studio Version 17
VisualStudioVersion = 17.6.33723.286
MinimumVisualStudioVersion = 10.0.40219.1
Project("{FAE04EC0-301F-11D3-BF4B-00C04F79EFBC}") = "AnonomousMethodLambda", "AnonomousMethodLambda\AnonomousMethodLambda.csproj", "{49059056-C99D-4B64-A6AA-EFAD8DA1FE6F}"
EndProject
Global
	GlobalSection(SolutionConfigurationPlatforms) = preSolution
		Debug|Any CPU = Debug|Any CPU
		Release|Any CPU = Release|Any CPU
	EndGlobalSection
	GlobalSection(ProjectConfigurationPlatforms) = postSolution
		{49059056-C99D-4B64-A6AA-EFAD8DA1FE6F}.Debug|Any CPU.ActiveCfg = Debug|Any CPU
		{49059056-C99D-4B64-A6AA-EFAD8DA1FE6F}.Debug|Any CPU.Build.0 = Debug|Any CPU
		{49059056-C99D-4B64-A6AA-EFAD8DA1FE6F}.Release|Any CPU.ActiveCfg = Release|Any CPU
		{49059056-C99D-4B64-A6AA-EFAD8DA1FE6F}.Release|Any CPU.Build.0 = Release|Any CPU
	EndGlobalSection
	GlobalSection(SolutionProperties) = preSolution
		HideSolutionNode = FALSE
	EndGlobalSection
	GlobalSection(ExtensibilityGlobals) = postSolution
		SolutionGuid = {DD6443DE-56F9-4B0B-A57F-F18C02D16DA9}
	EndGlobalSection
EndGlobal
