
Microsoft Visual Studio Solution File, Format Version 12.00
# Visual Studio Version 17
VisualStudioVersion = 17.6.33723.286
MinimumVisualStudioVersion = 10.0.40219.1
Project("{FAE04EC0-301F-11D3-BF4B-00C04F79EFBC}") = "InheritenceDemo", "InheritenceDemo\InheritenceDemo.csproj", "{2D3C14AA-230B-4122-8DB1-5CA6F549AFF3}"
EndProject
Global
	GlobalSection(SolutionConfigurationPlatforms) = preSolution
		Debug|Any CPU = Debug|Any CPU
		Release|Any CPU = Release|Any CPU
	EndGlobalSection
	GlobalSection(ProjectConfigurationPlatforms) = postSolution
		{2D3C14AA-230B-4122-8DB1-5CA6F549AFF3}.Debug|Any CPU.ActiveCfg = Debug|Any CPU
		{2D3C14AA-230B-4122-8DB1-5CA6F549AFF3}.Debug|Any CPU.Build.0 = Debug|Any CPU
		{2D3C14AA-230B-4122-8DB1-5CA6F549AFF3}.Release|Any CPU.ActiveCfg = Release|Any CPU
		{2D3C14AA-230B-4122-8DB1-5CA6F549AFF3}.Release|Any CPU.Build.0 = Release|Any CPU
	EndGlobalSection
	GlobalSection(SolutionProperties) = preSolution
		HideSolutionNode = FALSE
	EndGlobalSection
	GlobalSection(ExtensibilityGlobals) = postSolution
		SolutionGuid = {A448D898-6097-4273-A7CC-323769AC5BC1}
	EndGlobalSection
EndGlobal
