
Microsoft Visual Studio Solution File, Format Version 12.00
# Visual Studio Version 17
VisualStudioVersion = 17.6.33723.286
MinimumVisualStudioVersion = 10.0.40219.1
Project("{FAE04EC0-301F-11D3-BF4B-00C04F79EFBC}") = "WinFormsApp1", "WinFormsApp1\WinFormsApp1.csproj", "{F1243826-9CCC-4F27-86E2-60FEBB17BD2A}"
EndProject
Global
	GlobalSection(SolutionConfigurationPlatforms) = preSolution
		Debug|Any CPU = Debug|Any CPU
		Release|Any CPU = Release|Any CPU
	EndGlobalSection
	GlobalSection(ProjectConfigurationPlatforms) = postSolution
		{F1243826-9CCC-4F27-86E2-60FEBB17BD2A}.Debug|Any CPU.ActiveCfg = Debug|Any CPU
		{F1243826-9CCC-4F27-86E2-60FEBB17BD2A}.Debug|Any CPU.Build.0 = Debug|Any CPU
		{F1243826-9CCC-4F27-86E2-60FEBB17BD2A}.Release|Any CPU.ActiveCfg = Release|Any CPU
		{F1243826-9CCC-4F27-86E2-60FEBB17BD2A}.Release|Any CPU.Build.0 = Release|Any CPU
	EndGlobalSection
	GlobalSection(SolutionProperties) = preSolution
		HideSolutionNode = FALSE
	EndGlobalSection
	GlobalSection(ExtensibilityGlobals) = postSolution
		SolutionGuid = {831247C6-08E9-4284-930A-16D956548757}
	EndGlobalSection
EndGlobal
