
Microsoft Visual Studio Solution File, Format Version 12.00
# Visual Studio Version 17
VisualStudioVersion = 17.6.33723.286
MinimumVisualStudioVersion = 10.0.40219.1
Project("{FAE04EC0-301F-11D3-BF4B-00C04F79EFBC}") = "LINQ_Eg", "LINQ_Eg\LINQ_Eg.csproj", "{EBCCBAAC-4F8C-41A3-8259-40A63E9C2503}"
EndProject
Global
	GlobalSection(SolutionConfigurationPlatforms) = preSolution
		Debug|Any CPU = Debug|Any CPU
		Release|Any CPU = Release|Any CPU
	EndGlobalSection
	GlobalSection(ProjectConfigurationPlatforms) = postSolution
		{EBCCBAAC-4F8C-41A3-8259-40A63E9C2503}.Debug|Any CPU.ActiveCfg = Debug|Any CPU
		{EBCCBAAC-4F8C-41A3-8259-40A63E9C2503}.Debug|Any CPU.Build.0 = Debug|Any CPU
		{EBCCBAAC-4F8C-41A3-8259-40A63E9C2503}.Release|Any CPU.ActiveCfg = Release|Any CPU
		{EBCCBAAC-4F8C-41A3-8259-40A63E9C2503}.Release|Any CPU.Build.0 = Release|Any CPU
	EndGlobalSection
	GlobalSection(SolutionProperties) = preSolution
		HideSolutionNode = FALSE
	EndGlobalSection
	GlobalSection(ExtensibilityGlobals) = postSolution
		SolutionGuid = {4E153F20-0DAD-4858-A71D-FFB5A78007D5}
	EndGlobalSection
EndGlobal
