
Microsoft Visual Studio Solution File, Format Version 12.00
# Visual Studio Version 17
VisualStudioVersion = 17.6.33723.286
MinimumVisualStudioVersion = 10.0.40219.1
Project("{FAE04EC0-301F-11D3-BF4B-00C04F79EFBC}") = "DelegateDemo", "DelegateDemo\DelegateDemo.csproj", "{B28BD2B5-0AC7-4D8E-87A2-B006D14A74C7}"
EndProject
Project("{FAE04EC0-301F-11D3-BF4B-00C04F79EFBC}") = "ActionFuncPredecate", "ActionFuncPredecate\ActionFuncPredecate.csproj", "{4715E55E-D788-4FBF-99D7-DE651A94FC69}"
EndProject
Global
	GlobalSection(SolutionConfigurationPlatforms) = preSolution
		Debug|Any CPU = Debug|Any CPU
		Release|Any CPU = Release|Any CPU
	EndGlobalSection
	GlobalSection(ProjectConfigurationPlatforms) = postSolution
		{B28BD2B5-0AC7-4D8E-87A2-B006D14A74C7}.Debug|Any CPU.ActiveCfg = Debug|Any CPU
		{B28BD2B5-0AC7-4D8E-87A2-B006D14A74C7}.Debug|Any CPU.Build.0 = Debug|Any CPU
		{B28BD2B5-0AC7-4D8E-87A2-B006D14A74C7}.Release|Any CPU.ActiveCfg = Release|Any CPU
		{B28BD2B5-0AC7-4D8E-87A2-B006D14A74C7}.Release|Any CPU.Build.0 = Release|Any CPU
		{4715E55E-D788-4FBF-99D7-DE651A94FC69}.Debug|Any CPU.ActiveCfg = Debug|Any CPU
		{4715E55E-D788-4FBF-99D7-DE651A94FC69}.Debug|Any CPU.Build.0 = Debug|Any CPU
		{4715E55E-D788-4FBF-99D7-DE651A94FC69}.Release|Any CPU.ActiveCfg = Release|Any CPU
		{4715E55E-D788-4FBF-99D7-DE651A94FC69}.Release|Any CPU.Build.0 = Release|Any CPU
	EndGlobalSection
	GlobalSection(SolutionProperties) = preSolution
		HideSolutionNode = FALSE
	EndGlobalSection
	GlobalSection(ExtensibilityGlobals) = postSolution
		SolutionGuid = {5EBA9B5C-87F7-471F-AB80-A3637A3184DC}
	EndGlobalSection
EndGlobal
